
Microsoft Visual Studio Solution File, Format Version 12.00
# Visual Studio Version 17
VisualStudioVersion = 17.8.34316.72
MinimumVisualStudioVersion = 10.0.40219.1
Project("{FAE04EC0-301F-11D3-BF4B-00C04F79EFBC}") = "Mercadito Chavez Sanabria", "Mercadito Chavez Sanabria\Mercadito Chavez Sanabria.csproj", "{31B423B3-5F6C-4EF1-B3A3-1AA4369829E1}"
EndProject
Global
	GlobalSection(SolutionConfigurationPlatforms) = preSolution
		Debug|Any CPU = Debug|Any CPU
		Release|Any CPU = Release|Any CPU
	EndGlobalSection
	GlobalSection(ProjectConfigurationPlatforms) = postSolution
		{31B423B3-5F6C-4EF1-B3A3-1AA4369829E1}.Debug|Any CPU.ActiveCfg = Debug|Any CPU
		{31B423B3-5F6C-4EF1-B3A3-1AA4369829E1}.Debug|Any CPU.Build.0 = Debug|Any CPU
		{31B423B3-5F6C-4EF1-B3A3-1AA4369829E1}.Release|Any CPU.ActiveCfg = Release|Any CPU
		{31B423B3-5F6C-4EF1-B3A3-1AA4369829E1}.Release|Any CPU.Build.0 = Release|Any CPU
	EndGlobalSection
	GlobalSection(SolutionProperties) = preSolution
		HideSolutionNode = FALSE
	EndGlobalSection
	GlobalSection(ExtensibilityGlobals) = postSolution
		SolutionGuid = {88842D44-9328-499C-87D8-9975BD4638C4}
	EndGlobalSection
EndGlobal
